
Microsoft Visual Studio Solution File, Format Version 12.00
# Visual Studio Version 17
VisualStudioVersion = 17.1.32407.343
MinimumVisualStudioVersion = 10.0.40219.1
Project("{FAE04EC0-301F-11D3-BF4B-00C04F79EFBC}") = "ConsoleTim.18.04 (5.0)", "ConsoleTim.18.04 (5.0)\ConsoleTim.18.04 (5.0).csproj", "{2A24C4CB-180F-4021-B87C-16E51BF870BE}"
EndProject
Global
	GlobalSection(SolutionConfigurationPlatforms) = preSolution
		Debug|Any CPU = Debug|Any CPU
		Release|Any CPU = Release|Any CPU
	EndGlobalSection
	GlobalSection(ProjectConfigurationPlatforms) = postSolution
		{2A24C4CB-180F-4021-B87C-16E51BF870BE}.Debug|Any CPU.ActiveCfg = Debug|Any CPU
		{2A24C4CB-180F-4021-B87C-16E51BF870BE}.Debug|Any CPU.Build.0 = Debug|Any CPU
		{2A24C4CB-180F-4021-B87C-16E51BF870BE}.Release|Any CPU.ActiveCfg = Release|Any CPU
		{2A24C4CB-180F-4021-B87C-16E51BF870BE}.Release|Any CPU.Build.0 = Release|Any CPU
	EndGlobalSection
	GlobalSection(SolutionProperties) = preSolution
		HideSolutionNode = FALSE
	EndGlobalSection
	GlobalSection(ExtensibilityGlobals) = postSolution
		SolutionGuid = {1AB0D73B-516A-449E-BD79-744D5AF19270}
	EndGlobalSection
EndGlobal
