
Microsoft Visual Studio Solution File, Format Version 12.00
# Visual Studio Version 17
VisualStudioVersion = 17.1.32407.343
MinimumVisualStudioVersion = 10.0.40219.1
Project("{FAE04EC0-301F-11D3-BF4B-00C04F79EFBC}") = "SeaBat2.0", "SeaBat2.0\SeaBat2.0.csproj", "{8BE3213F-BFF2-4C36-A42B-A42E85E94577}"
EndProject
Global
	GlobalSection(SolutionConfigurationPlatforms) = preSolution
		Debug|Any CPU = Debug|Any CPU
		Release|Any CPU = Release|Any CPU
	EndGlobalSection
	GlobalSection(ProjectConfigurationPlatforms) = postSolution
		{8BE3213F-BFF2-4C36-A42B-A42E85E94577}.Debug|Any CPU.ActiveCfg = Debug|Any CPU
		{8BE3213F-BFF2-4C36-A42B-A42E85E94577}.Debug|Any CPU.Build.0 = Debug|Any CPU
		{8BE3213F-BFF2-4C36-A42B-A42E85E94577}.Release|Any CPU.ActiveCfg = Release|Any CPU
		{8BE3213F-BFF2-4C36-A42B-A42E85E94577}.Release|Any CPU.Build.0 = Release|Any CPU
	EndGlobalSection
	GlobalSection(SolutionProperties) = preSolution
		HideSolutionNode = FALSE
	EndGlobalSection
	GlobalSection(ExtensibilityGlobals) = postSolution
		SolutionGuid = {CFF39D14-5919-4FD4-835E-0995E3134FC9}
	EndGlobalSection
EndGlobal
